
Microsoft Visual Studio Solution File, Format Version 12.00
# Visual Studio Version 16
VisualStudioVersion = 16.0.29713.161
MinimumVisualStudioVersion = 10.0.40219.1
Project("{FAE04EC0-301F-11D3-BF4B-00C04F79EFBC}") = "SkiaSharpSignatures.UWP", "SkiaSharpSignatures.UWP\SkiaSharpSignatures.UWP.csproj", "{2C48C7D6-3CFC-4824-B3B1-228C8C5D46AE}"
EndProject
Project("{FAE04EC0-301F-11D3-BF4B-00C04F79EFBC}") = "SkiaSharpSignatures.Android", "SkiaSharpSignatures.Android\SkiaSharpSignatures.Android.csproj", "{4A4343BA-7285-4410-9108-76A9DCCB3673}"
EndProject
Project("{FAE04EC0-301F-11D3-BF4B-00C04F79EFBC}") = "SkiaSharpSignatures.iOS", "SkiaSharpSignatures.iOS\SkiaSharpSignatures.iOS.csproj", "{4B956CF6-395F-4F2C-90CD-90AACC58C12E}"
EndProject
Project("{FAE04EC0-301F-11D3-BF4B-00C04F79EFBC}") = "SkiaSharpSignatures", "SkiaSharpSignatures\SkiaSharpSignatures.csproj", "{DFFB2F01-1DC2-4648-9CA4-8C01C1FE7AF9}"
EndProject
Global
	GlobalSection(SolutionConfigurationPlatforms) = preSolution
		Debug|Any CPU = Debug|Any CPU
		Debug|ARM = Debug|ARM
		Debug|iPhone = Debug|iPhone
		Debug|iPhoneSimulator = Debug|iPhoneSimulator
		Debug|x64 = Debug|x64
		Debug|x86 = Debug|x86
		Release|Any CPU = Release|Any CPU
		Release|ARM = Release|ARM
		Release|iPhone = Release|iPhone
		Release|iPhoneSimulator = Release|iPhoneSimulator
		Release|x64 = Release|x64
		Release|x86 = Release|x86
	EndGlobalSection
	GlobalSection(ProjectConfigurationPlatforms) = postSolution
		{2C48C7D6-3CFC-4824-B3B1-228C8C5D46AE}.Debug|Any CPU.ActiveCfg = Debug|x86
		{2C48C7D6-3CFC-4824-B3B1-228C8C5D46AE}.Debug|Any CPU.Build.0 = Debug|x86
		{2C48C7D6-3CFC-4824-B3B1-228C8C5D46AE}.Debug|Any CPU.Deploy.0 = Debug|x86
		{2C48C7D6-3CFC-4824-B3B1-228C8C5D46AE}.Debug|ARM.ActiveCfg = Debug|ARM
		{2C48C7D6-3CFC-4824-B3B1-228C8C5D46AE}.Debug|ARM.Build.0 = Debug|ARM
		{2C48C7D6-3CFC-4824-B3B1-228C8C5D46AE}.Debug|ARM.Deploy.0 = Debug|ARM
		{2C48C7D6-3CFC-4824-B3B1-228C8C5D46AE}.Debug|iPhone.ActiveCfg = Debug|x86
		{2C48C7D6-3CFC-4824-B3B1-228C8C5D46AE}.Debug|iPhone.Build.0 = Debug|x86
		{2C48C7D6-3CFC-4824-B3B1-228C8C5D46AE}.Debug|iPhone.Deploy.0 = Debug|x86
		{2C48C7D6-3CFC-4824-B3B1-228C8C5D46AE}.Debug|iPhoneSimulator.ActiveCfg = Debug|x86
		{2C48C7D6-3CFC-4824-B3B1-228C8C5D46AE}.Debug|iPhoneSimulator.Build.0 = Debug|x86
		{2C48C7D6-3CFC-4824-B3B1-228C8C5D46AE}.Debug|iPhoneSimulator.Deploy.0 = Debug|x86
		{2C48C7D6-3CFC-4824-B3B1-228C8C5D46AE}.Debug|x64.ActiveCfg = Debug|x64
		{2C48C7D6-3CFC-4824-B3B1-228C8C5D46AE}.Debug|x64.Build.0 = Debug|x64
		{2C48C7D6-3CFC-4824-B3B1-228C8C5D46AE}.Debug|x64.Deploy.0 = Debug|x64
		{2C48C7D6-3CFC-4824-B3B1-228C8C5D46AE}.Debug|x86.ActiveCfg = Debug|x86
		{2C48C7D6-3CFC-4824-B3B1-228C8C5D46AE}.Debug|x86.Build.0 = Debug|x86
		{2C48C7D6-3CFC-4824-B3B1-228C8C5D46AE}.Debug|x86.Deploy.0 = Debug|x86
		{2C48C7D6-3CFC-4824-B3B1-228C8C5D46AE}.Release|Any CPU.ActiveCfg = Release|x86
		{2C48C7D6-3CFC-4824-B3B1-228C8C5D46AE}.Release|Any CPU.Build.0 = Release|x86
		{2C48C7D6-3CFC-4824-B3B1-228C8C5D46AE}.Release|Any CPU.Deploy.0 = Release|x86
		{2C48C7D6-3CFC-4824-B3B1-228C8C5D46AE}.Release|ARM.ActiveCfg = Release|ARM
		{2C48C7D6-3CFC-4824-B3B1-228C8C5D46AE}.Release|ARM.Build.0 = Release|ARM
		{2C48C7D6-3CFC-4824-B3B1-228C8C5D46AE}.Release|ARM.Deploy.0 = Release|ARM
		{2C48C7D6-3CFC-4824-B3B1-228C8C5D46AE}.Release|iPhone.ActiveCfg = Release|x86
		{2C48C7D6-3CFC-4824-B3B1-228C8C5D46AE}.Release|iPhone.Build.0 = Release|x86
		{2C48C7D6-3CFC-4824-B3B1-228C8C5D46AE}.Release|iPhone.Deploy.0 = Release|x86
		{2C48C7D6-3CFC-4824-B3B1-228C8C5D46AE}.Release|iPhoneSimulator.ActiveCfg = Release|x86
		{2C48C7D6-3CFC-4824-B3B1-228C8C5D46AE}.Release|iPhoneSimulator.Build.0 = Release|x86
		{2C48C7D6-3CFC-4824-B3B1-228C8C5D46AE}.Release|iPhoneSimulator.Deploy.0 = Release|x86
		{2C48C7D6-3CFC-4824-B3B1-228C8C5D46AE}.Release|x64.ActiveCfg = Release|x64
		{2C48C7D6-3CFC-4824-B3B1-228C8C5D46AE}.Release|x64.Build.0 = Release|x64
		{2C48C7D6-3CFC-4824-B3B1-228C8C5D46AE}.Release|x64.Deploy.0 = Release|x64
		{2C48C7D6-3CFC-4824-B3B1-228C8C5D46AE}.Release|x86.ActiveCfg = Release|x86
		{2C48C7D6-3CFC-4824-B3B1-228C8C5D46AE}.Release|x86.Build.0 = Release|x86
		{2C48C7D6-3CFC-4824-B3B1-228C8C5D46AE}.Release|x86.Deploy.0 = Release|x86
		{4A4343BA-7285-4410-9108-76A9DCCB3673}.Debug|Any CPU.ActiveCfg = Debug|Any CPU
		{4A4343BA-7285-4410-9108-76A9DCCB3673}.Debug|Any CPU.Build.0 = Debug|Any CPU
		{4A4343BA-7285-4410-9108-76A9DCCB3673}.Debug|Any CPU.Deploy.0 = Debug|Any CPU
		{4A4343BA-7285-4410-9108-76A9DCCB3673}.Debug|ARM.ActiveCfg = Debug|Any CPU
		{4A4343BA-7285-4410-9108-76A9DCCB3673}.Debug|ARM.Build.0 = Debug|Any CPU
		{4A4343BA-7285-4410-9108-76A9DCCB3673}.Debug|ARM.Deploy.0 = Debug|Any CPU
		{4A4343BA-7285-4410-9108-76A9DCCB3673}.Debug|iPhone.ActiveCfg = Debug|Any CPU
		{4A4343BA-7285-4410-9108-76A9DCCB3673}.Debug|iPhone.Build.0 = Debug|Any CPU
		{4A4343BA-7285-4410-9108-76A9DCCB3673}.Debug|iPhone.Deploy.0 = Debug|Any CPU
		{4A4343BA-7285-4410-9108-76A9DCCB3673}.Debug|iPhoneSimulator.ActiveCfg = Debug|Any CPU
		{4A4343BA-7285-4410-9108-76A9DCCB3673}.Debug|iPhoneSimulator.Build.0 = Debug|Any CPU
		{4A4343BA-7285-4410-9108-76A9DCCB3673}.Debug|iPhoneSimulator.Deploy.0 = Debug|Any CPU
		{4A4343BA-7285-4410-9108-76A9DCCB3673}.Debug|x64.ActiveCfg = Debug|Any CPU
		{4A4343BA-7285-4410-9108-76A9DCCB3673}.Debug|x64.Build.0 = Debug|Any CPU
		{4A4343BA-7285-4410-9108-76A9DCCB3673}.Debug|x64.Deploy.0 = Debug|Any CPU
		{4A4343BA-7285-4410-9108-76A9DCCB3673}.Debug|x86.ActiveCfg = Debug|Any CPU
		{4A4343BA-7285-4410-9108-76A9DCCB3673}.Debug|x86.Build.0 = Debug|Any CPU
		{4A4343BA-7285-4410-9108-76A9DCCB3673}.Debug|x86.Deploy.0 = Debug|Any CPU
		{4A4343BA-7285-4410-9108-76A9DCCB3673}.Release|Any CPU.ActiveCfg = Release|Any CPU
		{4A4343BA-7285-4410-9108-76A9DCCB3673}.Release|Any CPU.Build.0 = Release|Any CPU
		{4A4343BA-7285-4410-9108-76A9DCCB3673}.Release|Any CPU.Deploy.0 = Release|Any CPU
		{4A4343BA-7285-4410-9108-76A9DCCB3673}.Release|ARM.ActiveCfg = Release|Any CPU
		{4A4343BA-7285-4410-9108-76A9DCCB3673}.Release|ARM.Build.0 = Release|Any CPU
		{4A4343BA-7285-4410-9108-76A9DCCB3673}.Release|ARM.Deploy.0 = Release|Any CPU
		{4A4343BA-7285-4410-9108-76A9DCCB3673}.Release|iPhone.ActiveCfg = Release|Any CPU
		{4A4343BA-7285-4410-9108-76A9DCCB3673}.Release|iPhone.Build.0 = Release|Any CPU
		{4A4343BA-7285-4410-9108-76A9DCCB3673}.Release|iPhone.Deploy.0 = Release|Any CPU
		{4A4343BA-7285-4410-9108-76A9DCCB3673}.Release|iPhoneSimulator.ActiveCfg = Release|Any CPU
		{4A4343BA-7285-4410-9108-76A9DCCB3673}.Release|iPhoneSimulator.Build.0 = Release|Any CPU
		{4A4343BA-7285-4410-9108-76A9DCCB3673}.Release|iPhoneSimulator.Deploy.0 = Release|Any CPU
		{4A4343BA-7285-4410-9108-76A9DCCB3673}.Release|x64.ActiveCfg = Release|Any CPU
		{4A4343BA-7285-4410-9108-76A9DCCB3673}.Release|x64.Build.0 = Release|Any CPU
		{4A4343BA-7285-4410-9108-76A9DCCB3673}.Release|x64.Deploy.0 = Release|Any CPU
		{4A4343BA-7285-4410-9108-76A9DCCB3673}.Release|x86.ActiveCfg = Release|Any CPU
		{4A4343BA-7285-4410-9108-76A9DCCB3673}.Release|x86.Build.0 = Release|Any CPU
		{4A4343BA-7285-4410-9108-76A9DCCB3673}.Release|x86.Deploy.0 = Release|Any CPU
		{4B956CF6-395F-4F2C-90CD-90AACC58C12E}.Debug|Any CPU.ActiveCfg = Debug|iPhone
		{4B956CF6-395F-4F2C-90CD-90AACC58C12E}.Debug|Any CPU.Build.0 = Debug|iPhone
		{4B956CF6-395F-4F2C-90CD-90AACC58C12E}.Debug|Any CPU.Deploy.0 = Debug|iPhone
		{4B956CF6-395F-4F2C-90CD-90AACC58C12E}.Debug|ARM.ActiveCfg = Debug|iPhone
		{4B956CF6-395F-4F2C-90CD-90AACC58C12E}.Debug|ARM.Build.0 = Debug|iPhone
		{4B956CF6-395F-4F2C-90CD-90AACC58C12E}.Debug|ARM.Deploy.0 = Debug|iPhone
		{4B956CF6-395F-4F2C-90CD-90AACC58C12E}.Debug|iPhone.ActiveCfg = Debug|iPhone
		{4B956CF6-395F-4F2C-90CD-90AACC58C12E}.Debug|iPhone.Build.0 = Debug|iPhone
		{4B956CF6-395F-4F2C-90CD-90AACC58C12E}.Debug|iPhone.Deploy.0 = Debug|iPhone
		{4B956CF6-395F-4F2C-90CD-90AACC58C12E}.Debug|iPhoneSimulator.ActiveCfg = Debug|iPhoneSimulator
		{4B956CF6-395F-4F2C-90CD-90AACC58C12E}.Debug|iPhoneSimulator.Build.0 = Debug|iPhoneSimulator
		{4B956CF6-395F-4F2C-90CD-90AACC58C12E}.Debug|iPhoneSimulator.Deploy.0 = Debug|iPhoneSimulator
		{4B956CF6-395F-4F2C-90CD-90AACC58C12E}.Debug|x64.ActiveCfg = Debug|iPhone
		{4B956CF6-395F-4F2C-90CD-90AACC58C12E}.Debug|x64.Build.0 = Debug|iPhone
		{4B956CF6-395F-4F2C-90CD-90AACC58C12E}.Debug|x64.Deploy.0 = Debug|iPhone
		{4B956CF6-395F-4F2C-90CD-90AACC58C12E}.Debug|x86.ActiveCfg = Debug|iPhone
		{4B956CF6-395F-4F2C-90CD-90AACC58C12E}.Debug|x86.Build.0 = Debug|iPhone
		{4B956CF6-395F-4F2C-90CD-90AACC58C12E}.Debug|x86.Deploy.0 = Debug|iPhone
		{4B956CF6-395F-4F2C-90CD-90AACC58C12E}.Release|Any CPU.ActiveCfg = Release|iPhone
		{4B956CF6-395F-4F2C-90CD-90AACC58C12E}.Release|Any CPU.Build.0 = Release|iPhone
		{4B956CF6-395F-4F2C-90CD-90AACC58C12E}.Release|Any CPU.Deploy.0 = Release|iPhone
		{4B956CF6-395F-4F2C-90CD-90AACC58C12E}.Release|ARM.ActiveCfg = Release|iPhone
		{4B956CF6-395F-4F2C-90CD-90AACC58C12E}.Release|ARM.Build.0 = Release|iPhone
		{4B956CF6-395F-4F2C-90CD-90AACC58C12E}.Release|ARM.Deploy.0 = Release|iPhone
		{4B956CF6-395F-4F2C-90CD-90AACC58C12E}.Release|iPhone.ActiveCfg = Release|iPhone
		{4B956CF6-395F-4F2C-90CD-90AACC58C12E}.Release|iPhone.Build.0 = Release|iPhone
		{4B956CF6-395F-4F2C-90CD-90AACC58C12E}.Release|iPhone.Deploy.0 = Release|iPhone
		{4B956CF6-395F-4F2C-90CD-90AACC58C12E}.Release|iPhoneSimulator.ActiveCfg = Release|iPhoneSimulator
		{4B956CF6-395F-4F2C-90CD-90AACC58C12E}.Release|iPhoneSimulator.Build.0 = Release|iPhoneSimulator
		{4B956CF6-395F-4F2C-90CD-90AACC58C12E}.Release|iPhoneSimulator.Deploy.0 = Release|iPhoneSimulator
		{4B956CF6-395F-4F2C-90CD-90AACC58C12E}.Release|x64.ActiveCfg = Release|iPhone
		{4B956CF6-395F-4F2C-90CD-90AACC58C12E}.Release|x64.Build.0 = Release|iPhone
		{4B956CF6-395F-4F2C-90CD-90AACC58C12E}.Release|x64.Deploy.0 = Release|iPhone
		{4B956CF6-395F-4F2C-90CD-90AACC58C12E}.Release|x86.ActiveCfg = Release|iPhone
		{4B956CF6-395F-4F2C-90CD-90AACC58C12E}.Release|x86.Build.0 = Release|iPhone
		{4B956CF6-395F-4F2C-90CD-90AACC58C12E}.Release|x86.Deploy.0 = Release|iPhone
		{DFFB2F01-1DC2-4648-9CA4-8C01C1FE7AF9}.Debug|Any CPU.ActiveCfg = Debug|Any CPU
		{DFFB2F01-1DC2-4648-9CA4-8C01C1FE7AF9}.Debug|Any CPU.Build.0 = Debug|Any CPU
		{DFFB2F01-1DC2-4648-9CA4-8C01C1FE7AF9}.Debug|Any CPU.Deploy.0 = Debug|Any CPU
		{DFFB2F01-1DC2-4648-9CA4-8C01C1FE7AF9}.Debug|ARM.ActiveCfg = Debug|Any CPU
		{DFFB2F01-1DC2-4648-9CA4-8C01C1FE7AF9}.Debug|ARM.Build.0 = Debug|Any CPU
		{DFFB2F01-1DC2-4648-9CA4-8C01C1FE7AF9}.Debug|ARM.Deploy.0 = Debug|Any CPU
		{DFFB2F01-1DC2-4648-9CA4-8C01C1FE7AF9}.Debug|iPhone.ActiveCfg = Debug|Any CPU
		{DFFB2F01-1DC2-4648-9CA4-8C01C1FE7AF9}.Debug|iPhone.Build.0 = Debug|Any CPU
		{DFFB2F01-1DC2-4648-9CA4-8C01C1FE7AF9}.Debug|iPhone.Deploy.0 = Debug|Any CPU
		{DFFB2F01-1DC2-4648-9CA4-8C01C1FE7AF9}.Debug|iPhoneSimulator.ActiveCfg = Debug|Any CPU
		{DFFB2F01-1DC2-4648-9CA4-8C01C1FE7AF9}.Debug|iPhoneSimulator.Build.0 = Debug|Any CPU
		{DFFB2F01-1DC2-4648-9CA4-8C01C1FE7AF9}.Debug|iPhoneSimulator.Deploy.0 = Debug|Any CPU
		{DFFB2F01-1DC2-4648-9CA4-8C01C1FE7AF9}.Debug|x64.ActiveCfg = Debug|Any CPU
		{DFFB2F01-1DC2-4648-9CA4-8C01C1FE7AF9}.Debug|x64.Build.0 = Debug|Any CPU
		{DFFB2F01-1DC2-4648-9CA4-8C01C1FE7AF9}.Debug|x64.Deploy.0 = Debug|Any CPU
		{DFFB2F01-1DC2-4648-9CA4-8C01C1FE7AF9}.Debug|x86.ActiveCfg = Debug|Any CPU
		{DFFB2F01-1DC2-4648-9CA4-8C01C1FE7AF9}.Debug|x86.Build.0 = Debug|Any CPU
		{DFFB2F01-1DC2-4648-9CA4-8C01C1FE7AF9}.Debug|x86.Deploy.0 = Debug|Any CPU
		{DFFB2F01-1DC2-4648-9CA4-8C01C1FE7AF9}.Release|Any CPU.ActiveCfg = Release|Any CPU
		{DFFB2F01-1DC2-4648-9CA4-8C01C1FE7AF9}.Release|Any CPU.Build.0 = Release|Any CPU
		{DFFB2F01-1DC2-4648-9CA4-8C01C1FE7AF9}.Release|Any CPU.Deploy.0 = Release|Any CPU
		{DFFB2F01-1DC2-4648-9CA4-8C01C1FE7AF9}.Release|ARM.ActiveCfg = Release|Any CPU
		{DFFB2F01-1DC2-4648-9CA4-8C01C1FE7AF9}.Release|ARM.Build.0 = Release|Any CPU
		{DFFB2F01-1DC2-4648-9CA4-8C01C1FE7AF9}.Release|ARM.Deploy.0 = Release|Any CPU
		{DFFB2F01-1DC2-4648-9CA4-8C01C1FE7AF9}.Release|iPhone.ActiveCfg = Release|Any CPU
		{DFFB2F01-1DC2-4648-9CA4-8C01C1FE7AF9}.Release|iPhone.Build.0 = Release|Any CPU
		{DFFB2F01-1DC2-4648-9CA4-8C01C1FE7AF9}.Release|iPhone.Deploy.0 = Release|Any CPU
		{DFFB2F01-1DC2-4648-9CA4-8C01C1FE7AF9}.Release|iPhoneSimulator.ActiveCfg = Release|Any CPU
		{DFFB2F01-1DC2-4648-9CA4-8C01C1FE7AF9}.Release|iPhoneSimulator.Build.0 = Release|Any CPU
		{DFFB2F01-1DC2-4648-9CA4-8C01C1FE7AF9}.Release|iPhoneSimulator.Deploy.0 = Release|Any CPU
		{DFFB2F01-1DC2-4648-9CA4-8C01C1FE7AF9}.Release|x64.ActiveCfg = Release|Any CPU
		{DFFB2F01-1DC2-4648-9CA4-8C01C1FE7AF9}.Release|x64.Build.0 = Release|Any CPU
		{DFFB2F01-1DC2-4648-9CA4-8C01C1FE7AF9}.Release|x64.Deploy.0 = Release|Any CPU
		{DFFB2F01-1DC2-4648-9CA4-8C01C1FE7AF9}.Release|x86.ActiveCfg = Release|Any CPU
		{DFFB2F01-1DC2-4648-9CA4-8C01C1FE7AF9}.Release|x86.Build.0 = Release|Any CPU
		{DFFB2F01-1DC2-4648-9CA4-8C01C1FE7AF9}.Release|x86.Deploy.0 = Release|Any CPU
	EndGlobalSection
	GlobalSection(SolutionProperties) = preSolution
		HideSolutionNode = FALSE
	EndGlobalSection
	GlobalSection(ExtensibilityGlobals) = postSolution
		SolutionGuid = {D44FF738-4FF8-4414-BE32-A297DEA2AF43}
	EndGlobalSection
EndGlobal
